// !$*UTF8*$!
{
	archiveVersion = 1;
	classes = {
	};
	objectVersion = 51;
	objects = {

/* Begin PBXBuildFile section */
		1F02E04F9D03DB6AD0EB3E67 /* Pods_Cashflow_app.framework in Frameworks */ = {isa = PBXBuildFile; fileRef = 218ED4091F7A9A37611BCF7B /* Pods_Cashflow_app.framework */; };
		A928210E2532B4CF001D365B /* GraphsViewController.swift in Sources */ = {isa = PBXBuildFile; fileRef = A928210D2532B4CF001D365B /* GraphsViewController.swift */; };
		A92821202532B7F4001D365B /* BaseViewController.swift in Sources */ = {isa = PBXBuildFile; fileRef = A928211F2532B7F4001D365B /* BaseViewController.swift */; };
		A94667CD2532B27E0066A317 /* AppDelegate.swift in Sources */ = {isa = PBXBuildFile; fileRef = A94667CC2532B27E0066A317 /* AppDelegate.swift */; };
		A94667CF2532B27E0066A317 /* SceneDelegate.swift in Sources */ = {isa = PBXBuildFile; fileRef = A94667CE2532B27E0066A317 /* SceneDelegate.swift */; };
		A94667D62532B2810066A317 /* Assets.xcassets in Resources */ = {isa = PBXBuildFile; fileRef = A94667D52532B2810066A317 /* Assets.xcassets */; };
		A94667D92532B2810066A317 /* LaunchScreen.storyboard in Resources */ = {isa = PBXBuildFile; fileRef = A94667D72532B2810066A317 /* LaunchScreen.storyboard */; };
		A94667E42532B32A0066A317 /* AppInteractor.swift in Sources */ = {isa = PBXBuildFile; fileRef = A94667E32532B32A0066A317 /* AppInteractor.swift */; };
		A94667E82532B3820066A317 /* AppCoordinator.swift in Sources */ = {isa = PBXBuildFile; fileRef = A94667E72532B3820066A317 /* AppCoordinator.swift */; };
		A970BFF92538DD7600A994AB /* AddDataAssembly.swift in Sources */ = {isa = PBXBuildFile; fileRef = A970BFF82538DD7600A994AB /* AddDataAssembly.swift */; };
		A970BFFD2538DE4000A994AB /* addDataPresenter.swift in Sources */ = {isa = PBXBuildFile; fileRef = A970BFFC2538DE4000A994AB /* addDataPresenter.swift */; };
		A970C0002538DE4A00A994AB /* addDataPresenterProtocols.swift in Sources */ = {isa = PBXBuildFile; fileRef = A970BFFF2538DE4A00A994AB /* addDataPresenterProtocols.swift */; };
		A970C0042538DF0E00A994AB /* AddDataInteractorInput.swift in Sources */ = {isa = PBXBuildFile; fileRef = A970C0032538DF0E00A994AB /* AddDataInteractorInput.swift */; };
		A970C0072538DF5E00A994AB /* AddDataInteractor.swift in Sources */ = {isa = PBXBuildFile; fileRef = A970C0062538DF5E00A994AB /* AddDataInteractor.swift */; };
		A970C00A2539923000A994AB /* Categories.swift in Sources */ = {isa = PBXBuildFile; fileRef = A970C0092539923000A994AB /* Categories.swift */; };
		A991A61E25383B0F00CB1491 /* ExpenseTableViewManager.swift in Sources */ = {isa = PBXBuildFile; fileRef = A991A61D25383B0F00CB1491 /* ExpenseTableViewManager.swift */; };
		A9D8FC8425337352001607FE /* ChartPie.swift in Sources */ = {isa = PBXBuildFile; fileRef = A9D8FC8325337352001607FE /* ChartPie.swift */; };
		A9D8FC8725337369001607FE /* BarGraph.swift in Sources */ = {isa = PBXBuildFile; fileRef = A9D8FC8625337369001607FE /* BarGraph.swift */; };
		A9D8FC8A2533737C001607FE /* LineGraph.swift in Sources */ = {isa = PBXBuildFile; fileRef = A9D8FC892533737C001607FE /* LineGraph.swift */; };
		A9E287522538CBD7004447CC /* DataTableViewCell.swift in Sources */ = {isa = PBXBuildFile; fileRef = A9E287512538CBD7004447CC /* DataTableViewCell.swift */; };
		A9E287572538CCA2004447CC /* DataModel.swift in Sources */ = {isa = PBXBuildFile; fileRef = A9E287562538CCA2004447CC /* DataModel.swift */; };
		A9E2875A2538CE89004447CC /* UITableViewCell+Extensions.swift in Sources */ = {isa = PBXBuildFile; fileRef = A9E287592538CE89004447CC /* UITableViewCell+Extensions.swift */; };
		A9E2875E2538D834004447CC /* DataModelRealm.swift in Sources */ = {isa = PBXBuildFile; fileRef = A9E2875D2538D834004447CC /* DataModelRealm.swift */; };
		A9E2876A2538DA6B004447CC /* AddDataViewInput.swift in Sources */ = {isa = PBXBuildFile; fileRef = A9E287692538DA6B004447CC /* AddDataViewInput.swift */; };
		A9F4C2BE253795B0006C66EF /* GraphsViewInput.swift in Sources */ = {isa = PBXBuildFile; fileRef = A9F4C2BD253795B0006C66EF /* GraphsViewInput.swift */; };
		A9F4C2C2253795D7006C66EF /* GraphsPresenterProtocols.swift in Sources */ = {isa = PBXBuildFile; fileRef = A9F4C2C1253795D7006C66EF /* GraphsPresenterProtocols.swift */; };
		A9F4C2C625379620006C66EF /* GraphsPresenter.swift in Sources */ = {isa = PBXBuildFile; fileRef = A9F4C2C525379620006C66EF /* GraphsPresenter.swift */; };
		A9F4C2C925379665006C66EF /* GraphsInteractorInput.swift in Sources */ = {isa = PBXBuildFile; fileRef = A9F4C2C825379665006C66EF /* GraphsInteractorInput.swift */; };
		A9F4C2CC25379680006C66EF /* GraphsInteractor.swift in Sources */ = {isa = PBXBuildFile; fileRef = A9F4C2CB2537967F006C66EF /* GraphsInteractor.swift */; };
		A9F4C2D4253799BA006C66EF /* GraphsAssembly.swift in Sources */ = {isa = PBXBuildFile; fileRef = A9F4C2D3253799BA006C66EF /* GraphsAssembly.swift */; };
		A9F4C2D725379A16006C66EF /* ExpenseViewController.swift in Sources */ = {isa = PBXBuildFile; fileRef = A9F4C2D625379A16006C66EF /* ExpenseViewController.swift */; };
		A9F4C2E125379CDC006C66EF /* RealmManager.swift in Sources */ = {isa = PBXBuildFile; fileRef = A9F4C2E025379CDC006C66EF /* RealmManager.swift */; };
		A9F4C2E925380A07006C66EF /* AddDataViewController.swift in Sources */ = {isa = PBXBuildFile; fileRef = A9F4C2E825380A07006C66EF /* AddDataViewController.swift */; };
		A9F4C2ED25382A43006C66EF /* CustomDataView.swift in Sources */ = {isa = PBXBuildFile; fileRef = A9F4C2EC25382A43006C66EF /* CustomDataView.swift */; };
		A9F4C2F025382F90006C66EF /* UIFonts+Extensions.swift in Sources */ = {isa = PBXBuildFile; fileRef = A9F4C2EF25382F90006C66EF /* UIFonts+Extensions.swift */; };
		A9F4C2F325382FE9006C66EF /* UIColors+Extensions.swift in Sources */ = {isa = PBXBuildFile; fileRef = A9F4C2F225382FE9006C66EF /* UIColors+Extensions.swift */; };
		A9F4C2F8253838AD006C66EF /* ExpenseRouter.swift in Sources */ = {isa = PBXBuildFile; fileRef = A9F4C2F7253838AD006C66EF /* ExpenseRouter.swift */; };
		A9F4C2FB253838B9006C66EF /* ExpenseViewInput.swift in Sources */ = {isa = PBXBuildFile; fileRef = A9F4C2FA253838B9006C66EF /* ExpenseViewInput.swift */; };
		A9F4C2FE253838CF006C66EF /* ExpensePresenterProtocols.swift in Sources */ = {isa = PBXBuildFile; fileRef = A9F4C2FD253838CF006C66EF /* ExpensePresenterProtocols.swift */; };
		A9F4C301253838D8006C66EF /* ExpensePresenter.swift in Sources */ = {isa = PBXBuildFile; fileRef = A9F4C300253838D8006C66EF /* ExpensePresenter.swift */; };
		A9F4C304253838E4006C66EF /* ExpenseInteractorInput.swift in Sources */ = {isa = PBXBuildFile; fileRef = A9F4C303253838E4006C66EF /* ExpenseInteractorInput.swift */; };
		A9F4C307253838EC006C66EF /* ExpenseInteractor.swift in Sources */ = {isa = PBXBuildFile; fileRef = A9F4C306253838EC006C66EF /* ExpenseInteractor.swift */; };
		A9F4C30A253838F7006C66EF /* ExpenseAssembly.swift in Sources */ = {isa = PBXBuildFile; fileRef = A9F4C309253838F7006C66EF /* ExpenseAssembly.swift */; };
/* End PBXBuildFile section */

/* Begin PBXFileReference section */
		129F25DD4FCEF07E866CC352 /* Pods-Cashflow-app.debug.xcconfig */ = {isa = PBXFileReference; includeInIndex = 1; lastKnownFileType = text.xcconfig; name = "Pods-Cashflow-app.debug.xcconfig"; path = "Target Support Files/Pods-Cashflow-app/Pods-Cashflow-app.debug.xcconfig"; sourceTree = "<group>"; };
		218ED4091F7A9A37611BCF7B /* Pods_Cashflow_app.framework */ = {isa = PBXFileReference; explicitFileType = wrapper.framework; includeInIndex = 0; path = Pods_Cashflow_app.framework; sourceTree = BUILT_PRODUCTS_DIR; };
		A928210D2532B4CF001D365B /* GraphsViewController.swift */ = {isa = PBXFileReference; lastKnownFileType = sourcecode.swift; path = GraphsViewController.swift; sourceTree = "<group>"; };
		A928211F2532B7F4001D365B /* BaseViewController.swift */ = {isa = PBXFileReference; lastKnownFileType = sourcecode.swift; path = BaseViewController.swift; sourceTree = "<group>"; };
		A94667C92532B27E0066A317 /* Cashflow-app.app */ = {isa = PBXFileReference; explicitFileType = wrapper.application; includeInIndex = 0; path = "Cashflow-app.app"; sourceTree = BUILT_PRODUCTS_DIR; };
		A94667CC2532B27E0066A317 /* AppDelegate.swift */ = {isa = PBXFileReference; lastKnownFileType = sourcecode.swift; path = AppDelegate.swift; sourceTree = "<group>"; };
		A94667CE2532B27E0066A317 /* SceneDelegate.swift */ = {isa = PBXFileReference; lastKnownFileType = sourcecode.swift; path = SceneDelegate.swift; sourceTree = "<group>"; };
		A94667D52532B2810066A317 /* Assets.xcassets */ = {isa = PBXFileReference; lastKnownFileType = folder.assetcatalog; path = Assets.xcassets; sourceTree = "<group>"; };
		A94667D82532B2810066A317 /* Base */ = {isa = PBXFileReference; lastKnownFileType = file.storyboard; name = Base; path = Base.lproj/LaunchScreen.storyboard; sourceTree = "<group>"; };
		A94667DA2532B2810066A317 /* Info.plist */ = {isa = PBXFileReference; lastKnownFileType = text.plist.xml; path = Info.plist; sourceTree = "<group>"; };
		A94667E32532B32A0066A317 /* AppInteractor.swift */ = {isa = PBXFileReference; lastKnownFileType = sourcecode.swift; path = AppInteractor.swift; sourceTree = "<group>"; };
		A94667E72532B3820066A317 /* AppCoordinator.swift */ = {isa = PBXFileReference; lastKnownFileType = sourcecode.swift; path = AppCoordinator.swift; sourceTree = "<group>"; };
		A970BFF82538DD7600A994AB /* AddDataAssembly.swift */ = {isa = PBXFileReference; lastKnownFileType = sourcecode.swift; path = AddDataAssembly.swift; sourceTree = "<group>"; };
		A970BFFC2538DE4000A994AB /* addDataPresenter.swift */ = {isa = PBXFileReference; lastKnownFileType = sourcecode.swift; path = addDataPresenter.swift; sourceTree = "<group>"; };
		A970BFFF2538DE4A00A994AB /* addDataPresenterProtocols.swift */ = {isa = PBXFileReference; lastKnownFileType = sourcecode.swift; path = addDataPresenterProtocols.swift; sourceTree = "<group>"; };
		A970C0032538DF0E00A994AB /* AddDataInteractorInput.swift */ = {isa = PBXFileReference; lastKnownFileType = sourcecode.swift; path = AddDataInteractorInput.swift; sourceTree = "<group>"; };
		A970C0062538DF5E00A994AB /* AddDataInteractor.swift */ = {isa = PBXFileReference; lastKnownFileType = sourcecode.swift; path = AddDataInteractor.swift; sourceTree = "<group>"; };
		A970C0092539923000A994AB /* Categories.swift */ = {isa = PBXFileReference; lastKnownFileType = sourcecode.swift; path = Categories.swift; sourceTree = "<group>"; };
		A991A61D25383B0F00CB1491 /* ExpenseTableViewManager.swift */ = {isa = PBXFileReference; lastKnownFileType = sourcecode.swift; path = ExpenseTableViewManager.swift; sourceTree = "<group>"; };
		A9D8FC8325337352001607FE /* ChartPie.swift */ = {isa = PBXFileReference; lastKnownFileType = sourcecode.swift; path = ChartPie.swift; sourceTree = "<group>"; };
		A9D8FC8625337369001607FE /* BarGraph.swift */ = {isa = PBXFileReference; lastKnownFileType = sourcecode.swift; path = BarGraph.swift; sourceTree = "<group>"; };
		A9D8FC892533737C001607FE /* LineGraph.swift */ = {isa = PBXFileReference; lastKnownFileType = sourcecode.swift; path = LineGraph.swift; sourceTree = "<group>"; };
		A9E287512538CBD7004447CC /* DataTableViewCell.swift */ = {isa = PBXFileReference; lastKnownFileType = sourcecode.swift; path = DataTableViewCell.swift; sourceTree = "<group>"; };
		A9E287562538CCA2004447CC /* DataModel.swift */ = {isa = PBXFileReference; lastKnownFileType = sourcecode.swift; path = DataModel.swift; sourceTree = "<group>"; };
		A9E287592538CE89004447CC /* UITableViewCell+Extensions.swift */ = {isa = PBXFileReference; lastKnownFileType = sourcecode.swift; path = "UITableViewCell+Extensions.swift"; sourceTree = "<group>"; };
		A9E2875D2538D834004447CC /* DataModelRealm.swift */ = {isa = PBXFileReference; lastKnownFileType = sourcecode.swift; path = DataModelRealm.swift; sourceTree = "<group>"; };
		A9E287692538DA6B004447CC /* AddDataViewInput.swift */ = {isa = PBXFileReference; lastKnownFileType = sourcecode.swift; path = AddDataViewInput.swift; sourceTree = "<group>"; };
		A9F4C2BD253795B0006C66EF /* GraphsViewInput.swift */ = {isa = PBXFileReference; lastKnownFileType = sourcecode.swift; path = GraphsViewInput.swift; sourceTree = "<group>"; };
		A9F4C2C1253795D7006C66EF /* GraphsPresenterProtocols.swift */ = {isa = PBXFileReference; lastKnownFileType = sourcecode.swift; path = GraphsPresenterProtocols.swift; sourceTree = "<group>"; };
		A9F4C2C525379620006C66EF /* GraphsPresenter.swift */ = {isa = PBXFileReference; lastKnownFileType = sourcecode.swift; path = GraphsPresenter.swift; sourceTree = "<group>"; };
		A9F4C2C825379665006C66EF /* GraphsInteractorInput.swift */ = {isa = PBXFileReference; lastKnownFileType = sourcecode.swift; path = GraphsInteractorInput.swift; sourceTree = "<group>"; };
		A9F4C2CB2537967F006C66EF /* GraphsInteractor.swift */ = {isa = PBXFileReference; lastKnownFileType = sourcecode.swift; path = GraphsInteractor.swift; sourceTree = "<group>"; };
		A9F4C2D3253799BA006C66EF /* GraphsAssembly.swift */ = {isa = PBXFileReference; lastKnownFileType = sourcecode.swift; name = GraphsAssembly.swift; path = "Cashflow-app/Modules/Graphs/GraphsAssembly.swift"; sourceTree = SOURCE_ROOT; };
		A9F4C2D625379A16006C66EF /* ExpenseViewController.swift */ = {isa = PBXFileReference; lastKnownFileType = sourcecode.swift; path = ExpenseViewController.swift; sourceTree = "<group>"; };
		A9F4C2E025379CDC006C66EF /* RealmManager.swift */ = {isa = PBXFileReference; lastKnownFileType = sourcecode.swift; path = RealmManager.swift; sourceTree = "<group>"; };
		A9F4C2E825380A07006C66EF /* AddDataViewController.swift */ = {isa = PBXFileReference; lastKnownFileType = sourcecode.swift; path = AddDataViewController.swift; sourceTree = "<group>"; };
		A9F4C2EC25382A43006C66EF /* CustomDataView.swift */ = {isa = PBXFileReference; lastKnownFileType = sourcecode.swift; path = CustomDataView.swift; sourceTree = "<group>"; };
		A9F4C2EF25382F90006C66EF /* UIFonts+Extensions.swift */ = {isa = PBXFileReference; lastKnownFileType = sourcecode.swift; path = "UIFonts+Extensions.swift"; sourceTree = "<group>"; };
		A9F4C2F225382FE9006C66EF /* UIColors+Extensions.swift */ = {isa = PBXFileReference; lastKnownFileType = sourcecode.swift; path = "UIColors+Extensions.swift"; sourceTree = "<group>"; };
		A9F4C2F7253838AD006C66EF /* ExpenseRouter.swift */ = {isa = PBXFileReference; lastKnownFileType = sourcecode.swift; path = ExpenseRouter.swift; sourceTree = "<group>"; };
		A9F4C2FA253838B9006C66EF /* ExpenseViewInput.swift */ = {isa = PBXFileReference; lastKnownFileType = sourcecode.swift; path = ExpenseViewInput.swift; sourceTree = "<group>"; };
		A9F4C2FD253838CF006C66EF /* ExpensePresenterProtocols.swift */ = {isa = PBXFileReference; lastKnownFileType = sourcecode.swift; path = ExpensePresenterProtocols.swift; sourceTree = "<group>"; };
		A9F4C300253838D8006C66EF /* ExpensePresenter.swift */ = {isa = PBXFileReference; lastKnownFileType = sourcecode.swift; path = ExpensePresenter.swift; sourceTree = "<group>"; };
		A9F4C303253838E4006C66EF /* ExpenseInteractorInput.swift */ = {isa = PBXFileReference; lastKnownFileType = sourcecode.swift; path = ExpenseInteractorInput.swift; sourceTree = "<group>"; };
		A9F4C306253838EC006C66EF /* ExpenseInteractor.swift */ = {isa = PBXFileReference; lastKnownFileType = sourcecode.swift; path = ExpenseInteractor.swift; sourceTree = "<group>"; };
		A9F4C309253838F7006C66EF /* ExpenseAssembly.swift */ = {isa = PBXFileReference; lastKnownFileType = sourcecode.swift; path = ExpenseAssembly.swift; sourceTree = "<group>"; };
		CB6BBFCDB07B920F531C6CDC /* Pods-Cashflow-app.release.xcconfig */ = {isa = PBXFileReference; includeInIndex = 1; lastKnownFileType = text.xcconfig; name = "Pods-Cashflow-app.release.xcconfig"; path = "Target Support Files/Pods-Cashflow-app/Pods-Cashflow-app.release.xcconfig"; sourceTree = "<group>"; };
/* End PBXFileReference section */

/* Begin PBXFrameworksBuildPhase section */
		A94667C62532B27E0066A317 /* Frameworks */ = {
			isa = PBXFrameworksBuildPhase;
			buildActionMask = 2147483647;
			files = (
				1F02E04F9D03DB6AD0EB3E67 /* Pods_Cashflow_app.framework in Frameworks */,
			);
			runOnlyForDeploymentPostprocessing = 0;
		};
/* End PBXFrameworksBuildPhase section */

/* Begin PBXGroup section */
		3A0ABB0E9EF880C7BF7B57ED /* Frameworks */ = {
			isa = PBXGroup;
			children = (
				218ED4091F7A9A37611BCF7B /* Pods_Cashflow_app.framework */,
			);
			name = Frameworks;
			sourceTree = "<group>";
		};
		A92821092532B48A001D365B /* Modules */ = {
			isa = PBXGroup;
			children = (
				A9E287612538DA23004447CC /* AddData */,
				A928210A2532B49F001D365B /* Expense */,
				A928210B2532B4AE001D365B /* Graphs */,
			);
			path = Modules;
			sourceTree = "<group>";
		};
		A928210A2532B49F001D365B /* Expense */ = {
			isa = PBXGroup;
			children = (
				A928211B2532B77D001D365B /* View */,
				A928211A2532B778001D365B /* Managers */,
				A92821192532B770001D365B /* Presenter */,
				A92821182532B76A001D365B /* Interactor */,
				A92821172532B766001D365B /* Router */,
				A92821162532B75B001D365B /* Assembly */,
			);
			path = Expense;
			sourceTree = "<group>";
		};
		A928210B2532B4AE001D365B /* Graphs */ = {
			isa = PBXGroup;
			children = (
				A928210C2532B4BF001D365B /* View */,
				A92821152532B735001D365B /* Managers */,
				A92821132532B715001D365B /* Presenter */,
				A92821122532B710001D365B /* Interactor */,
				A92821112532B70C001D365B /* Router */,
				A92821102532B708001D365B /* Assembly */,
			);
			path = Graphs;
			sourceTree = "<group>";
		};
		A928210C2532B4BF001D365B /* View */ = {
			isa = PBXGroup;
			children = (
				A928210D2532B4CF001D365B /* GraphsViewController.swift */,
				A9F4C2BD253795B0006C66EF /* GraphsViewInput.swift */,
			);
			path = View;
			sourceTree = "<group>";
		};
		A92821102532B708001D365B /* Assembly */ = {
			isa = PBXGroup;
			children = (
				A9F4C2D3253799BA006C66EF /* GraphsAssembly.swift */,
			);
			path = Assembly;
			sourceTree = "<group>";
		};
		A92821112532B70C001D365B /* Router */ = {
			isa = PBXGroup;
			children = (
			);
			path = Router;
			sourceTree = "<group>";
		};
		A92821122532B710001D365B /* Interactor */ = {
			isa = PBXGroup;
			children = (
				A9F4C2C825379665006C66EF /* GraphsInteractorInput.swift */,
				A9F4C2CB2537967F006C66EF /* GraphsInteractor.swift */,
			);
			path = Interactor;
			sourceTree = "<group>";
		};
		A92821132532B715001D365B /* Presenter */ = {
			isa = PBXGroup;
			children = (
				A9F4C2C1253795D7006C66EF /* GraphsPresenterProtocols.swift */,
				A9F4C2C525379620006C66EF /* GraphsPresenter.swift */,
			);
			path = Presenter;
			sourceTree = "<group>";
		};
		A92821152532B735001D365B /* Managers */ = {
			isa = PBXGroup;
			children = (
			);
			path = Managers;
			sourceTree = "<group>";
		};
		A92821162532B75B001D365B /* Assembly */ = {
			isa = PBXGroup;
			children = (
				A9F4C309253838F7006C66EF /* ExpenseAssembly.swift */,
			);
			path = Assembly;
			sourceTree = "<group>";
		};
		A92821172532B766001D365B /* Router */ = {
			isa = PBXGroup;
			children = (
				A9F4C2F7253838AD006C66EF /* ExpenseRouter.swift */,
			);
			path = Router;
			sourceTree = "<group>";
		};
		A92821182532B76A001D365B /* Interactor */ = {
			isa = PBXGroup;
			children = (
				A9F4C303253838E4006C66EF /* ExpenseInteractorInput.swift */,
				A9F4C306253838EC006C66EF /* ExpenseInteractor.swift */,
			);
			path = Interactor;
			sourceTree = "<group>";
		};
		A92821192532B770001D365B /* Presenter */ = {
			isa = PBXGroup;
			children = (
				A9F4C2FD253838CF006C66EF /* ExpensePresenterProtocols.swift */,
				A9F4C300253838D8006C66EF /* ExpensePresenter.swift */,
			);
			path = Presenter;
			sourceTree = "<group>";
		};
		A928211A2532B778001D365B /* Managers */ = {
			isa = PBXGroup;
			children = (
				A991A61D25383B0F00CB1491 /* ExpenseTableViewManager.swift */,
			);
			path = Managers;
			sourceTree = "<group>";
		};
		A928211B2532B77D001D365B /* View */ = {
			isa = PBXGroup;
			children = (
				A9F4C2D625379A16006C66EF /* ExpenseViewController.swift */,
				A9F4C2FA253838B9006C66EF /* ExpenseViewInput.swift */,
			);
			path = View;
			sourceTree = "<group>";
		};
		A928211C2532B7AC001D365B /* Entities */ = {
			isa = PBXGroup;
			children = (
				A9E287562538CCA2004447CC /* DataModel.swift */,
				A9E2875D2538D834004447CC /* DataModelRealm.swift */,
				A970C0092539923000A994AB /* Categories.swift */,
			);
			path = Entities;
			sourceTree = "<group>";
		};
		A928211D2532B7B1001D365B /* Base */ = {
			isa = PBXGroup;
			children = (
				A9E287502538CBC9004447CC /* Cells */,
				A92821232532B889001D365B /* Custom */,
				A92821222532B87B001D365B /* Extensions */,
				A928211E2532B7DF001D365B /* View Controllers */,
			);
			path = Base;
			sourceTree = "<group>";
		};
		A928211E2532B7DF001D365B /* View Controllers */ = {
			isa = PBXGroup;
			children = (
				A928211F2532B7F4001D365B /* BaseViewController.swift */,
			);
			path = "View Controllers";
			sourceTree = "<group>";
		};
		A92821222532B87B001D365B /* Extensions */ = {
			isa = PBXGroup;
			children = (
				A9F4C2EF25382F90006C66EF /* UIFonts+Extensions.swift */,
				A9F4C2F225382FE9006C66EF /* UIColors+Extensions.swift */,
				A9E287592538CE89004447CC /* UITableViewCell+Extensions.swift */,
			);
			path = Extensions;
			sourceTree = "<group>";
		};
		A92821232532B889001D365B /* Custom */ = {
			isa = PBXGroup;
			children = (
				A9F4C2E7253809F9006C66EF /* Views */,
				A92821242532B88D001D365B /* Graphs */,
			);
			path = Custom;
			sourceTree = "<group>";
		};
		A92821242532B88D001D365B /* Graphs */ = {
			isa = PBXGroup;
			children = (
				A970C013253A482F00A994AB /* LineGraph */,
				A970C012253A482900A994AB /* BarGraph */,
				A970C011253A481F00A994AB /* ChartPie */,
			);
			path = Graphs;
			sourceTree = "<group>";
		};
		A94667C02532B27E0066A317 = {
			isa = PBXGroup;
			children = (
				A94667CB2532B27E0066A317 /* Cashflow-app */,
				A94667CA2532B27E0066A317 /* Products */,
				F1276B3E97241FEC2986B5EF /* Pods */,
				3A0ABB0E9EF880C7BF7B57ED /* Frameworks */,
			);
			sourceTree = "<group>";
		};
		A94667CA2532B27E0066A317 /* Products */ = {
			isa = PBXGroup;
			children = (
				A94667C92532B27E0066A317 /* Cashflow-app.app */,
			);
			name = Products;
			sourceTree = "<group>";
		};
		A94667CB2532B27E0066A317 /* Cashflow-app */ = {
			isa = PBXGroup;
			children = (
				A9F4C2DE25379CCE006C66EF /* Services */,
				A928211D2532B7B1001D365B /* Base */,
				A928211C2532B7AC001D365B /* Entities */,
				A92821092532B48A001D365B /* Modules */,
				A94667E22532B2F40066A317 /* App */,
				A94667CC2532B27E0066A317 /* AppDelegate.swift */,
				A94667CE2532B27E0066A317 /* SceneDelegate.swift */,
				A94667D52532B2810066A317 /* Assets.xcassets */,
				A94667D72532B2810066A317 /* LaunchScreen.storyboard */,
				A94667DA2532B2810066A317 /* Info.plist */,
			);
			path = "Cashflow-app";
			sourceTree = "<group>";
		};
		A94667E22532B2F40066A317 /* App */ = {
			isa = PBXGroup;
			children = (
				A94667E32532B32A0066A317 /* AppInteractor.swift */,
				A94667E72532B3820066A317 /* AppCoordinator.swift */,
			);
			path = App;
			sourceTree = "<group>";
		};
		A970C011253A481F00A994AB /* ChartPie */ = {
			isa = PBXGroup;
			children = (
				A9D8FC8325337352001607FE /* ChartPie.swift */,
			);
			path = ChartPie;
			sourceTree = "<group>";
		};
		A970C012253A482900A994AB /* BarGraph */ = {
			isa = PBXGroup;
			children = (
				A9D8FC8625337369001607FE /* BarGraph.swift */,
			);
			path = BarGraph;
			sourceTree = "<group>";
		};
		A970C013253A482F00A994AB /* LineGraph */ = {
			isa = PBXGroup;
			children = (
				A9D8FC892533737C001607FE /* LineGraph.swift */,
			);
			path = LineGraph;
			sourceTree = "<group>";
		};
		A9E287502538CBC9004447CC /* Cells */ = {
			isa = PBXGroup;
			children = (
				A9E287512538CBD7004447CC /* DataTableViewCell.swift */,
			);
			path = Cells;
			sourceTree = "<group>";
		};
		A9E287612538DA23004447CC /* AddData */ = {
			isa = PBXGroup;
			children = (
				A9E287632538DA2F004447CC /* View */,
				A9E287642538DA39004447CC /* Managers */,
				A9E287682538DA51004447CC /* Presenter */,
				A9E287672538DA4D004447CC /* Interactor */,
				A9E287662538DA49004447CC /* Router */,
				A9E287652538DA41004447CC /* Assembly */,
			);
			path = AddData;
			sourceTree = "<group>";
		};
		A9E287632538DA2F004447CC /* View */ = {
			isa = PBXGroup;
			children = (
				A9F4C2E825380A07006C66EF /* AddDataViewController.swift */,
				A9E287692538DA6B004447CC /* AddDataViewInput.swift */,
			);
			path = View;
			sourceTree = "<group>";
		};
		A9E287642538DA39004447CC /* Managers */ = {
			isa = PBXGroup;
			children = (
			);
			path = Managers;
			sourceTree = "<group>";
		};
		A9E287652538DA41004447CC /* Assembly */ = {
			isa = PBXGroup;
			children = (
				A970BFF82538DD7600A994AB /* AddDataAssembly.swift */,
			);
			path = Assembly;
			sourceTree = "<group>";
		};
		A9E287662538DA49004447CC /* Router */ = {
			isa = PBXGroup;
			children = (
			);
			path = Router;
			sourceTree = "<group>";
		};
		A9E287672538DA4D004447CC /* Interactor */ = {
			isa = PBXGroup;
			children = (
				A970C0032538DF0E00A994AB /* AddDataInteractorInput.swift */,
				A970C0062538DF5E00A994AB /* AddDataInteractor.swift */,
			);
			path = Interactor;
			sourceTree = "<group>";
		};
		A9E287682538DA51004447CC /* Presenter */ = {
			isa = PBXGroup;
			children = (
				A970BFFF2538DE4A00A994AB /* addDataPresenterProtocols.swift */,
				A970BFFC2538DE4000A994AB /* addDataPresenter.swift */,
			);
			path = Presenter;
			sourceTree = "<group>";
		};
		A9F4C2DE25379CCE006C66EF /* Services */ = {
			isa = PBXGroup;
			children = (
				A9F4C2DF25379CD3006C66EF /* Realm */,
			);
			path = Services;
			sourceTree = "<group>";
		};
		A9F4C2DF25379CD3006C66EF /* Realm */ = {
			isa = PBXGroup;
			children = (
				A9F4C2E025379CDC006C66EF /* RealmManager.swift */,
			);
			path = Realm;
			sourceTree = "<group>";
		};
		A9F4C2E7253809F9006C66EF /* Views */ = {
			isa = PBXGroup;
			children = (
				A9F4C2EC25382A43006C66EF /* CustomDataView.swift */,
			);
			path = Views;
			sourceTree = "<group>";
		};
		F1276B3E97241FEC2986B5EF /* Pods */ = {
			isa = PBXGroup;
			children = (
				129F25DD4FCEF07E866CC352 /* Pods-Cashflow-app.debug.xcconfig */,
				CB6BBFCDB07B920F531C6CDC /* Pods-Cashflow-app.release.xcconfig */,
			);
			path = Pods;
			sourceTree = "<group>";
		};
/* End PBXGroup section */

/* Begin PBXNativeTarget section */
		A94667C82532B27E0066A317 /* Cashflow-app */ = {
			isa = PBXNativeTarget;
			buildConfigurationList = A94667DD2532B2810066A317 /* Build configuration list for PBXNativeTarget "Cashflow-app" */;
			buildPhases = (
				726621E6E564B2270B7D84C6 /* [CP] Check Pods Manifest.lock */,
				A94667C52532B27E0066A317 /* Sources */,
				A94667C62532B27E0066A317 /* Frameworks */,
				A94667C72532B27E0066A317 /* Resources */,
				F1A58396E0DDB4296B381750 /* [CP] Embed Pods Frameworks */,
			);
			buildRules = (
			);
			dependencies = (
			);
			name = "Cashflow-app";
			productName = "Cashflow-app";
			productReference = A94667C92532B27E0066A317 /* Cashflow-app.app */;
			productType = "com.apple.product-type.application";
		};
/* End PBXNativeTarget section */

/* Begin PBXProject section */
		A94667C12532B27E0066A317 /* Project object */ = {
			isa = PBXProject;
			attributes = {
				LastSwiftUpdateCheck = 1200;
				LastUpgradeCheck = 1200;
				TargetAttributes = {
					A94667C82532B27E0066A317 = {
						CreatedOnToolsVersion = 12.0.1;
					};
				};
			};
			buildConfigurationList = A94667C42532B27E0066A317 /* Build configuration list for PBXProject "Cashflow-app" */;
			compatibilityVersion = "Xcode 9.3";
			developmentRegion = en;
			hasScannedForEncodings = 0;
			knownRegions = (
				en,
				Base,
			);
			mainGroup = A94667C02532B27E0066A317;
			productRefGroup = A94667CA2532B27E0066A317 /* Products */;
			projectDirPath = "";
			projectRoot = "";
			targets = (
				A94667C82532B27E0066A317 /* Cashflow-app */,
			);
		};
/* End PBXProject section */

/* Begin PBXResourcesBuildPhase section */
		A94667C72532B27E0066A317 /* Resources */ = {
			isa = PBXResourcesBuildPhase;
			buildActionMask = 2147483647;
			files = (
				A94667D92532B2810066A317 /* LaunchScreen.storyboard in Resources */,
				A94667D62532B2810066A317 /* Assets.xcassets in Resources */,
			);
			runOnlyForDeploymentPostprocessing = 0;
		};
/* End PBXResourcesBuildPhase section */

/* Begin PBXShellScriptBuildPhase section */
		726621E6E564B2270B7D84C6 /* [CP] Check Pods Manifest.lock */ = {
			isa = PBXShellScriptBuildPhase;
			buildActionMask = 2147483647;
			files = (
			);
			inputFileListPaths = (
			);
			inputPaths = (
				"${PODS_PODFILE_DIR_PATH}/Podfile.lock",
				"${PODS_ROOT}/Manifest.lock",
			);
			name = "[CP] Check Pods Manifest.lock";
			outputFileListPaths = (
			);
			outputPaths = (
				"$(DERIVED_FILE_DIR)/Pods-Cashflow-app-checkManifestLockResult.txt",
			);
			runOnlyForDeploymentPostprocessing = 0;
			shellPath = /bin/sh;
			shellScript = "diff \"${PODS_PODFILE_DIR_PATH}/Podfile.lock\" \"${PODS_ROOT}/Manifest.lock\" > /dev/null\nif [ $? != 0 ] ; then\n    # print error to STDERR\n    echo \"error: The sandbox is not in sync with the Podfile.lock. Run 'pod install' or update your CocoaPods installation.\" >&2\n    exit 1\nfi\n# This output is used by Xcode 'outputs' to avoid re-running this script phase.\necho \"SUCCESS\" > \"${SCRIPT_OUTPUT_FILE_0}\"\n";
			showEnvVarsInLog = 0;
		};
		F1A58396E0DDB4296B381750 /* [CP] Embed Pods Frameworks */ = {
			isa = PBXShellScriptBuildPhase;
			buildActionMask = 2147483647;
			files = (
			);
			inputFileListPaths = (
				"${PODS_ROOT}/Target Support Files/Pods-Cashflow-app/Pods-Cashflow-app-frameworks-${CONFIGURATION}-input-files.xcfilelist",
			);
			name = "[CP] Embed Pods Frameworks";
			outputFileListPaths = (
				"${PODS_ROOT}/Target Support Files/Pods-Cashflow-app/Pods-Cashflow-app-frameworks-${CONFIGURATION}-output-files.xcfilelist",
			);
			runOnlyForDeploymentPostprocessing = 0;
			shellPath = /bin/sh;
			shellScript = "\"${PODS_ROOT}/Target Support Files/Pods-Cashflow-app/Pods-Cashflow-app-frameworks.sh\"\n";
			showEnvVarsInLog = 0;
		};
/* End PBXShellScriptBuildPhase section */

/* Begin PBXSourcesBuildPhase section */
		A94667C52532B27E0066A317 /* Sources */ = {
			isa = PBXSourcesBuildPhase;
			buildActionMask = 2147483647;
			files = (
				A9E2876A2538DA6B004447CC /* AddDataViewInput.swift in Sources */,
				A9F4C2CC25379680006C66EF /* GraphsInteractor.swift in Sources */,
				A9F4C2C625379620006C66EF /* GraphsPresenter.swift in Sources */,
				A9F4C2F8253838AD006C66EF /* ExpenseRouter.swift in Sources */,
				A9F4C304253838E4006C66EF /* ExpenseInteractorInput.swift in Sources */,
				A9D8FC8425337352001607FE /* ChartPie.swift in Sources */,
				A9F4C2D4253799BA006C66EF /* GraphsAssembly.swift in Sources */,
				A9F4C2E125379CDC006C66EF /* RealmManager.swift in Sources */,
				A970BFFD2538DE4000A994AB /* addDataPresenter.swift in Sources */,
				A970C0072538DF5E00A994AB /* AddDataInteractor.swift in Sources */,
				A9E287522538CBD7004447CC /* DataTableViewCell.swift in Sources */,
				A9F4C2C2253795D7006C66EF /* GraphsPresenterProtocols.swift in Sources */,
				A970BFF92538DD7600A994AB /* AddDataAssembly.swift in Sources */,
				A94667CD2532B27E0066A317 /* AppDelegate.swift in Sources */,
				A9D8FC8725337369001607FE /* BarGraph.swift in Sources */,
				A94667E82532B3820066A317 /* AppCoordinator.swift in Sources */,
				A9F4C30A253838F7006C66EF /* ExpenseAssembly.swift in Sources */,
				A970C00A2539923000A994AB /* Categories.swift in Sources */,
				A94667E42532B32A0066A317 /* AppInteractor.swift in Sources */,
				A9E2875A2538CE89004447CC /* UITableViewCell+Extensions.swift in Sources */,
				A991A61E25383B0F00CB1491 /* ExpenseTableViewManager.swift in Sources */,
				A970C0042538DF0E00A994AB /* AddDataInteractorInput.swift in Sources */,
				A9F4C307253838EC006C66EF /* ExpenseInteractor.swift in Sources */,
				A9F4C2F325382FE9006C66EF /* UIColors+Extensions.swift in Sources */,
				A9E2875E2538D834004447CC /* DataModelRealm.swift in Sources */,
				A9D8FC8A2533737C001607FE /* LineGraph.swift in Sources */,
				A9F4C2ED25382A43006C66EF /* CustomDataView.swift in Sources */,
				A970C0002538DE4A00A994AB /* addDataPresenterProtocols.swift in Sources */,
				A9F4C301253838D8006C66EF /* ExpensePresenter.swift in Sources */,
				A9F4C2FE253838CF006C66EF /* ExpensePresenterProtocols.swift in Sources */,
				A9F4C2D725379A16006C66EF /* ExpenseViewController.swift in Sources */,
				A9E287572538CCA2004447CC /* DataModel.swift in Sources */,
				A9F4C2E925380A07006C66EF /* AddDataViewController.swift in Sources */,
				A9F4C2F025382F90006C66EF /* UIFonts+Extensions.swift in Sources */,
				A9F4C2C925379665006C66EF /* GraphsInteractorInput.swift in Sources */,
				A928210E2532B4CF001D365B /* GraphsViewController.swift in Sources */,
				A9F4C2FB253838B9006C66EF /* ExpenseViewInput.swift in Sources */,
				A92821202532B7F4001D365B /* BaseViewController.swift in Sources */,
				A9F4C2BE253795B0006C66EF /* GraphsViewInput.swift in Sources */,
				A94667CF2532B27E0066A317 /* SceneDelegate.swift in Sources */,
			);
			runOnlyForDeploymentPostprocessing = 0;
		};
/* End PBXSourcesBuildPhase section */

/* Begin PBXVariantGroup section */
		A94667D72532B2810066A317 /* LaunchScreen.storyboard */ = {
			isa = PBXVariantGroup;
			children = (
				A94667D82532B2810066A317 /* Base */,
			);
			name = LaunchScreen.storyboard;
			sourceTree = "<group>";
		};
/* End PBXVariantGroup section */

/* Begin XCBuildConfiguration section */
		A94667DB2532B2810066A317 /* Debug */ = {
			isa = XCBuildConfiguration;
			buildSettings = {
				ALWAYS_SEARCH_USER_PATHS = NO;
				CLANG_ANALYZER_NONNULL = YES;
				CLANG_ANALYZER_NUMBER_OBJECT_CONVERSION = YES_AGGRESSIVE;
				CLANG_CXX_LANGUAGE_STANDARD = "gnu++14";
				CLANG_CXX_LIBRARY = "libc++";
				CLANG_ENABLE_MODULES = YES;
				CLANG_ENABLE_OBJC_ARC = YES;
				CLANG_ENABLE_OBJC_WEAK = YES;
				CLANG_WARN_BLOCK_CAPTURE_AUTORELEASING = YES;
				CLANG_WARN_BOOL_CONVERSION = YES;
				CLANG_WARN_COMMA = YES;
				CLANG_WARN_CONSTANT_CONVERSION = YES;
				CLANG_WARN_DEPRECATED_OBJC_IMPLEMENTATIONS = YES;
				CLANG_WARN_DIRECT_OBJC_ISA_USAGE = YES_ERROR;
				CLANG_WARN_DOCUMENTATION_COMMENTS = YES;
				CLANG_WARN_EMPTY_BODY = YES;
				CLANG_WARN_ENUM_CONVERSION = YES;
				CLANG_WARN_INFINITE_RECURSION = YES;
				CLANG_WARN_INT_CONVERSION = YES;
				CLANG_WARN_NON_LITERAL_NULL_CONVERSION = YES;
				CLANG_WARN_OBJC_IMPLICIT_RETAIN_SELF = YES;
				CLANG_WARN_OBJC_LITERAL_CONVERSION = YES;
				CLANG_WARN_OBJC_ROOT_CLASS = YES_ERROR;
				CLANG_WARN_QUOTED_INCLUDE_IN_FRAMEWORK_HEADER = YES;
				CLANG_WARN_RANGE_LOOP_ANALYSIS = YES;
				CLANG_WARN_STRICT_PROTOTYPES = YES;
				CLANG_WARN_SUSPICIOUS_MOVE = YES;
				CLANG_WARN_UNGUARDED_AVAILABILITY = YES_AGGRESSIVE;
				CLANG_WARN_UNREACHABLE_CODE = YES;
				CLANG_WARN__DUPLICATE_METHOD_MATCH = YES;
				COPY_PHASE_STRIP = NO;
				DEBUG_INFORMATION_FORMAT = dwarf;
				ENABLE_STRICT_OBJC_MSGSEND = YES;
				ENABLE_TESTABILITY = YES;
				GCC_C_LANGUAGE_STANDARD = gnu11;
				GCC_DYNAMIC_NO_PIC = NO;
				GCC_NO_COMMON_BLOCKS = YES;
				GCC_OPTIMIZATION_LEVEL = 0;
				GCC_PREPROCESSOR_DEFINITIONS = (
					"DEBUG=1",
					"$(inherited)",
				);
				GCC_WARN_64_TO_32_BIT_CONVERSION = YES;
				GCC_WARN_ABOUT_RETURN_TYPE = YES_ERROR;
				GCC_WARN_UNDECLARED_SELECTOR = YES;
				GCC_WARN_UNINITIALIZED_AUTOS = YES_AGGRESSIVE;
				GCC_WARN_UNUSED_FUNCTION = YES;
				GCC_WARN_UNUSED_VARIABLE = YES;
				IPHONEOS_DEPLOYMENT_TARGET = 14.0;
				MTL_ENABLE_DEBUG_INFO = INCLUDE_SOURCE;
				MTL_FAST_MATH = YES;
				ONLY_ACTIVE_ARCH = YES;
				SDKROOT = iphoneos;
				SWIFT_ACTIVE_COMPILATION_CONDITIONS = DEBUG;
				SWIFT_OPTIMIZATION_LEVEL = "-Onone";
			};
			name = Debug;
		};
		A94667DC2532B2810066A317 /* Release */ = {
			isa = XCBuildConfiguration;
			buildSettings = {
				ALWAYS_SEARCH_USER_PATHS = NO;
				CLANG_ANALYZER_NONNULL = YES;
				CLANG_ANALYZER_NUMBER_OBJECT_CONVERSION = YES_AGGRESSIVE;
				CLANG_CXX_LANGUAGE_STANDARD = "gnu++14";
				CLANG_CXX_LIBRARY = "libc++";
				CLANG_ENABLE_MODULES = YES;
				CLANG_ENABLE_OBJC_ARC = YES;
				CLANG_ENABLE_OBJC_WEAK = YES;
				CLANG_WARN_BLOCK_CAPTURE_AUTORELEASING = YES;
				CLANG_WARN_BOOL_CONVERSION = YES;
				CLANG_WARN_COMMA = YES;
				CLANG_WARN_CONSTANT_CONVERSION = YES;
				CLANG_WARN_DEPRECATED_OBJC_IMPLEMENTATIONS = YES;
				CLANG_WARN_DIRECT_OBJC_ISA_USAGE = YES_ERROR;
				CLANG_WARN_DOCUMENTATION_COMMENTS = YES;
				CLANG_WARN_EMPTY_BODY = YES;
				CLANG_WARN_ENUM_CONVERSION = YES;
				CLANG_WARN_INFINITE_RECURSION = YES;
				CLANG_WARN_INT_CONVERSION = YES;
				CLANG_WARN_NON_LITERAL_NULL_CONVERSION = YES;
				CLANG_WARN_OBJC_IMPLICIT_RETAIN_SELF = YES;
				CLANG_WARN_OBJC_LITERAL_CONVERSION = YES;
				CLANG_WARN_OBJC_ROOT_CLASS = YES_ERROR;
				CLANG_WARN_QUOTED_INCLUDE_IN_FRAMEWORK_HEADER = YES;
				CLANG_WARN_RANGE_LOOP_ANALYSIS = YES;
				CLANG_WARN_STRICT_PROTOTYPES = YES;
				CLANG_WARN_SUSPICIOUS_MOVE = YES;
				CLANG_WARN_UNGUARDED_AVAILABILITY = YES_AGGRESSIVE;
				CLANG_WARN_UNREACHABLE_CODE = YES;
				CLANG_WARN__DUPLICATE_METHOD_MATCH = YES;
				COPY_PHASE_STRIP = NO;
				DEBUG_INFORMATION_FORMAT = "dwarf-with-dsym";
				ENABLE_NS_ASSERTIONS = NO;
				ENABLE_STRICT_OBJC_MSGSEND = YES;
				GCC_C_LANGUAGE_STANDARD = gnu11;
				GCC_NO_COMMON_BLOCKS = YES;
				GCC_WARN_64_TO_32_BIT_CONVERSION = YES;
				GCC_WARN_ABOUT_RETURN_TYPE = YES_ERROR;
				GCC_WARN_UNDECLARED_SELECTOR = YES;
				GCC_WARN_UNINITIALIZED_AUTOS = YES_AGGRESSIVE;
				GCC_WARN_UNUSED_FUNCTION = YES;
				GCC_WARN_UNUSED_VARIABLE = YES;
				IPHONEOS_DEPLOYMENT_TARGET = 14.0;
				MTL_ENABLE_DEBUG_INFO = NO;
				MTL_FAST_MATH = YES;
				SDKROOT = iphoneos;
				SWIFT_COMPILATION_MODE = wholemodule;
				SWIFT_OPTIMIZATION_LEVEL = "-O";
				VALIDATE_PRODUCT = YES;
			};
			name = Release;
		};
		A94667DE2532B2810066A317 /* Debug */ = {
			isa = XCBuildConfiguration;
			baseConfigurationReference = 129F25DD4FCEF07E866CC352 /* Pods-Cashflow-app.debug.xcconfig */;
			buildSettings = {
				ASSETCATALOG_COMPILER_APPICON_NAME = AppIcon;
				ASSETCATALOG_COMPILER_GLOBAL_ACCENT_COLOR_NAME = AccentColor;
				CODE_SIGN_STYLE = Automatic;
				DEVELOPMENT_TEAM = 9PG63NVD7U;
				INFOPLIST_FILE = "Cashflow-app/Info.plist";
				LD_RUNPATH_SEARCH_PATHS = (
					"$(inherited)",
					"@executable_path/Frameworks",
				);
				PRODUCT_BUNDLE_IDENTIFIER = "com.MeiBaps.Cashflow-app";
				PRODUCT_NAME = "$(TARGET_NAME)";
				SWIFT_VERSION = 5.0;
				TARGETED_DEVICE_FAMILY = "1,2";
			};
			name = Debug;
		};
		A94667DF2532B2810066A317 /* Release */ = {
			isa = XCBuildConfiguration;
			baseConfigurationReference = CB6BBFCDB07B920F531C6CDC /* Pods-Cashflow-app.release.xcconfig */;
			buildSettings = {
				ASSETCATALOG_COMPILER_APPICON_NAME = AppIcon;
				ASSETCATALOG_COMPILER_GLOBAL_ACCENT_COLOR_NAME = AccentColor;
				CODE_SIGN_STYLE = Automatic;
				DEVELOPMENT_TEAM = 9PG63NVD7U;
				INFOPLIST_FILE = "Cashflow-app/Info.plist";
				LD_RUNPATH_SEARCH_PATHS = (
					"$(inherited)",
					"@executable_path/Frameworks",
				);
				PRODUCT_BUNDLE_IDENTIFIER = "com.MeiBaps.Cashflow-app";
				PRODUCT_NAME = "$(TARGET_NAME)";
				SWIFT_VERSION = 5.0;
				TARGETED_DEVICE_FAMILY = "1,2";
			};
			name = Release;
		};
/* End XCBuildConfiguration section */

/* Begin XCConfigurationList section */
		A94667C42532B27E0066A317 /* Build configuration list for PBXProject "Cashflow-app" */ = {
			isa = XCConfigurationList;
			buildConfigurations = (
				A94667DB2532B2810066A317 /* Debug */,
				A94667DC2532B2810066A317 /* Release */,
			);
			defaultConfigurationIsVisible = 0;
			defaultConfigurationName = Release;
		};
		A94667DD2532B2810066A317 /* Build configuration list for PBXNativeTarget "Cashflow-app" */ = {
			isa = XCConfigurationList;
			buildConfigurations = (
				A94667DE2532B2810066A317 /* Debug */,
				A94667DF2532B2810066A317 /* Release */,
			);
			defaultConfigurationIsVisible = 0;
			defaultConfigurationName = Release;
		};
/* End XCConfigurationList section */
	};
	rootObject = A94667C12532B27E0066A317 /* Project object */;
}
